Microsoft Visual Studio Solution File, Format Version 12.00
# Visual Studio 15
VisualStudioVersion = 15.0.27004.2005
MinimumVisualStudioVersion = 10.0.40219.1
Project("{FAE04EC0-301F-11D3-BF4B-00C04F79EFBC}") = "Faucet", "Faucet\Faucet.csproj", "{639D462A-9DA0-4E28-A216-D8C8EE577CA5}"
EndProject
Project("{FAE04EC0-301F-11D3-BF4B-00C04F79EFBC}") = "Faucet.Droid", "Droid\Faucet.Droid.csproj", "{B51E636E-E264-4590-920E-FAE1A8BC7C0C}"
EndProject
Project("{FAE04EC0-301F-11D3-BF4B-00C04F79EFBC}") = "Faucet.iOS", "iOS\Faucet.iOS.csproj", "{2C60FC8C-0BA5-45F4-B35F-F574E8D9F350}"
EndProject
Global
	GlobalSection(SolutionConfigurationPlatforms) = preSolution
		Debug|Any CPU = Debug|Any CPU
		Debug|iPhone = Debug|iPhone
		Debug|iPhoneSimulator = Debug|iPhoneSimulator
		Release|Any CPU = Release|Any CPU
		Release|iPhone = Release|iPhone
		Release|iPhoneSimulator = Release|iPhoneSimulator
	EndGlobalSection
	GlobalSection(ProjectConfigurationPlatforms) = postSolution
		{639D462A-9DA0-4E28-A216-D8C8EE577CA5}.Debug|Any CPU.ActiveCfg = Debug|Any CPU
		{639D462A-9DA0-4E28-A216-D8C8EE577CA5}.Debug|Any CPU.Build.0 = Debug|Any CPU
		{639D462A-9DA0-4E28-A216-D8C8EE577CA5}.Debug|iPhone.ActiveCfg = Debug|Any CPU
		{639D462A-9DA0-4E28-A216-D8C8EE577CA5}.Debug|iPhone.Build.0 = Debug|Any CPU
		{639D462A-9DA0-4E28-A216-D8C8EE577CA5}.Debug|iPhoneSimulator.ActiveCfg = Debug|Any CPU
		{639D462A-9DA0-4E28-A216-D8C8EE577CA5}.Debug|iPhoneSimulator.Build.0 = Debug|Any CPU
		{639D462A-9DA0-4E28-A216-D8C8EE577CA5}.Release|Any CPU.ActiveCfg = Release|Any CPU
		{639D462A-9DA0-4E28-A216-D8C8EE577CA5}.Release|Any CPU.Build.0 = Release|Any CPU
		{639D462A-9DA0-4E28-A216-D8C8EE577CA5}.Release|iPhone.ActiveCfg = Release|Any CPU
		{639D462A-9DA0-4E28-A216-D8C8EE577CA5}.Release|iPhone.Build.0 = Release|Any CPU
		{639D462A-9DA0-4E28-A216-D8C8EE577CA5}.Release|iPhoneSimulator.ActiveCfg = Release|Any CPU
		{639D462A-9DA0-4E28-A216-D8C8EE577CA5}.Release|iPhoneSimulator.Build.0 = Release|Any CPU
		{B51E636E-E264-4590-920E-FAE1A8BC7C0C}.Debug|Any CPU.ActiveCfg = Debug|Any CPU
		{B51E636E-E264-4590-920E-FAE1A8BC7C0C}.Debug|Any CPU.Build.0 = Debug|Any CPU
		{B51E636E-E264-4590-920E-FAE1A8BC7C0C}.Debug|Any CPU.Deploy.0 = Debug|Any CPU
		{B51E636E-E264-4590-920E-FAE1A8BC7C0C}.Debug|iPhone.ActiveCfg = Debug|Any CPU
		{B51E636E-E264-4590-920E-FAE1A8BC7C0C}.Debug|iPhone.Build.0 = Debug|Any CPU
		{B51E636E-E264-4590-920E-FAE1A8BC7C0C}.Debug|iPhoneSimulator.ActiveCfg = Debug|Any CPU
		{B51E636E-E264-4590-920E-FAE1A8BC7C0C}.Debug|iPhoneSimulator.Build.0 = Debug|Any CPU
		{B51E636E-E264-4590-920E-FAE1A8BC7C0C}.Release|Any CPU.ActiveCfg = Release|Any CPU
		{B51E636E-E264-4590-920E-FAE1A8BC7C0C}.Release|Any CPU.Build.0 = Release|Any CPU
		{B51E636E-E264-4590-920E-FAE1A8BC7C0C}.Release|iPhone.ActiveCfg = Release|Any CPU
		{B51E636E-E264-4590-920E-FAE1A8BC7C0C}.Release|iPhone.Build.0 = Release|Any CPU
		{B51E636E-E264-4590-920E-FAE1A8BC7C0C}.Release|iPhoneSimulator.ActiveCfg = Release|Any CPU
		{B51E636E-E264-4590-920E-FAE1A8BC7C0C}.Release|iPhoneSimulator.Build.0 = Release|Any CPU
		{2C60FC8C-0BA5-45F4-B35F-F574E8D9F350}.Debug|Any CPU.ActiveCfg = Debug|iPhoneSimulator
		{2C60FC8C-0BA5-45F4-B35F-F574E8D9F350}.Debug|Any CPU.Build.0 = Debug|iPhoneSimulator
		{2C60FC8C-0BA5-45F4-B35F-F574E8D9F350}.Debug|iPhone.ActiveCfg = Debug|iPhone
		{2C60FC8C-0BA5-45F4-B35F-F574E8D9F350}.Debug|iPhone.Build.0 = Debug|iPhone
		{2C60FC8C-0BA5-45F4-B35F-F574E8D9F350}.Debug|iPhoneSimulator.ActiveCfg = Debug|iPhoneSimulator
		{2C60FC8C-0BA5-45F4-B35F-F574E8D9F350}.Debug|iPhoneSimulator.Build.0 = Debug|iPhoneSimulator
		{2C60FC8C-0BA5-45F4-B35F-F574E8D9F350}.Release|Any CPU.ActiveCfg = Release|iPhone
		{2C60FC8C-0BA5-45F4-B35F-F574E8D9F350}.Release|Any CPU.Build.0 = Release|iPhone
		{2C60FC8C-0BA5-45F4-B35F-F574E8D9F350}.Release|iPhone.ActiveCfg = Release|iPhone
		{2C60FC8C-0BA5-45F4-B35F-F574E8D9F350}.Release|iPhone.Build.0 = Release|iPhone
		{2C60FC8C-0BA5-45F4-B35F-F574E8D9F350}.Release|iPhoneSimulator.ActiveCfg = Release|iPhoneSimulator
		{2C60FC8C-0BA5-45F4-B35F-F574E8D9F350}.Release|iPhoneSimulator.Build.0 = Release|iPhoneSimulator
	EndGlobalSection
	GlobalSection(SolutionProperties) = preSolution
		HideSolutionNode = FALSE
	EndGlobalSection
	GlobalSection(ExtensibilityGlobals) = postSolution
		SolutionGuid = {F9C59AD4-CB1F-4EB8-B914-177E33E337CD}
	EndGlobalSection
EndGlobal
